
Microsoft Visual Studio Solution File, Format Version 12.00
# Visual Studio Version 17
VisualStudioVersion = 17.9.34728.123
MinimumVisualStudioVersion = 10.0.40219.1
Project("{FAE04EC0-301F-11D3-BF4B-00C04F79EFBC}") = "MxmChallenge", "MxmChallenge.csproj", "{D7DE56AC-EE7E-4797-AF9F-4C1793CEF59C}"
EndProject
Project("{FAE04EC0-301F-11D3-BF4B-00C04F79EFBC}") = "MxmChallenge.Tests", "MxmChallenge.Tests\MxmChallenge.Tests.csproj", "{327B6620-48D1-4F09-B2C7-B5B645971B15}"
EndProject
Global
	GlobalSection(SolutionConfigurationPlatforms) = preSolution
		Debug|Any CPU = Debug|Any CPU
		Debug|x64 = Debug|x64
		Debug|x86 = Debug|x86
		Release|Any CPU = Release|Any CPU
		Release|x64 = Release|x64
		Release|x86 = Release|x86
	EndGlobalSection
	GlobalSection(ProjectConfigurationPlatforms) = postSolution
		{D7DE56AC-EE7E-4797-AF9F-4C1793CEF59C}.Debug|Any CPU.ActiveCfg = Debug|Any CPU
		{D7DE56AC-EE7E-4797-AF9F-4C1793CEF59C}.Debug|Any CPU.Build.0 = Debug|Any CPU
		{D7DE56AC-EE7E-4797-AF9F-4C1793CEF59C}.Debug|x64.ActiveCfg = Debug|Any CPU
		{D7DE56AC-EE7E-4797-AF9F-4C1793CEF59C}.Debug|x64.Build.0 = Debug|Any CPU
		{D7DE56AC-EE7E-4797-AF9F-4C1793CEF59C}.Debug|x86.ActiveCfg = Debug|Any CPU
		{D7DE56AC-EE7E-4797-AF9F-4C1793CEF59C}.Debug|x86.Build.0 = Debug|Any CPU
		{D7DE56AC-EE7E-4797-AF9F-4C1793CEF59C}.Release|Any CPU.ActiveCfg = Release|Any CPU
		{D7DE56AC-EE7E-4797-AF9F-4C1793CEF59C}.Release|Any CPU.Build.0 = Release|Any CPU
		{D7DE56AC-EE7E-4797-AF9F-4C1793CEF59C}.Release|x64.ActiveCfg = Release|Any CPU
		{D7DE56AC-EE7E-4797-AF9F-4C1793CEF59C}.Release|x64.Build.0 = Release|Any CPU
		{D7DE56AC-EE7E-4797-AF9F-4C1793CEF59C}.Release|x86.ActiveCfg = Release|Any CPU
		{D7DE56AC-EE7E-4797-AF9F-4C1793CEF59C}.Release|x86.Build.0 = Release|Any CPU
		{327B6620-48D1-4F09-B2C7-B5B645971B15}.Debug|Any CPU.ActiveCfg = Debug|Any CPU
		{327B6620-48D1-4F09-B2C7-B5B645971B15}.Debug|Any CPU.Build.0 = Debug|Any CPU
		{327B6620-48D1-4F09-B2C7-B5B645971B15}.Debug|x64.ActiveCfg = Debug|Any CPU
		{327B6620-48D1-4F09-B2C7-B5B645971B15}.Debug|x64.Build.0 = Debug|Any CPU
		{327B6620-48D1-4F09-B2C7-B5B645971B15}.Debug|x86.ActiveCfg = Debug|Any CPU
		{327B6620-48D1-4F09-B2C7-B5B645971B15}.Debug|x86.Build.0 = Debug|Any CPU
		{327B6620-48D1-4F09-B2C7-B5B645971B15}.Release|Any CPU.ActiveCfg = Release|Any CPU
		{327B6620-48D1-4F09-B2C7-B5B645971B15}.Release|Any CPU.Build.0 = Release|Any CPU
		{327B6620-48D1-4F09-B2C7-B5B645971B15}.Release|x64.ActiveCfg = Release|Any CPU
		{327B6620-48D1-4F09-B2C7-B5B645971B15}.Release|x64.Build.0 = Release|Any CPU
		{327B6620-48D1-4F09-B2C7-B5B645971B15}.Release|x86.ActiveCfg = Release|Any CPU
		{327B6620-48D1-4F09-B2C7-B5B645971B15}.Release|x86.Build.0 = Release|Any CPU
	EndGlobalSection
	GlobalSection(SolutionProperties) = preSolution
		HideSolutionNode = FALSE
	EndGlobalSection
	GlobalSection(ExtensibilityGlobals) = postSolution
		SolutionGuid = {4CF54309-4364-40B0-B067-DC312023F678}
	EndGlobalSection
EndGlobal
